
Microsoft Visual Studio Solution File, Format Version 12.00
# Visual Studio Version 17
VisualStudioVersion = 17.5.33424.131
MinimumVisualStudioVersion = 10.0.40219.1
Project("{FAE04EC0-301F-11D3-BF4B-00C04F79EFBC}") = "ExercicioInsereLetra", "ExercicioInsereLetra\ExercicioInsereLetra.csproj", "{304DE091-B2D4-443B-BFE0-9CF7B8348567}"
EndProject
Global
	GlobalSection(SolutionConfigurationPlatforms) = preSolution
		Debug|Any CPU = Debug|Any CPU
		Release|Any CPU = Release|Any CPU
	EndGlobalSection
	GlobalSection(ProjectConfigurationPlatforms) = postSolution
		{304DE091-B2D4-443B-BFE0-9CF7B8348567}.Debug|Any CPU.ActiveCfg = Debug|Any CPU
		{304DE091-B2D4-443B-BFE0-9CF7B8348567}.Debug|Any CPU.Build.0 = Debug|Any CPU
		{304DE091-B2D4-443B-BFE0-9CF7B8348567}.Release|Any CPU.ActiveCfg = Release|Any CPU
		{304DE091-B2D4-443B-BFE0-9CF7B8348567}.Release|Any CPU.Build.0 = Release|Any CPU
	EndGlobalSection
	GlobalSection(SolutionProperties) = preSolution
		HideSolutionNode = FALSE
	EndGlobalSection
	GlobalSection(ExtensibilityGlobals) = postSolution
		SolutionGuid = {F3DD332B-1F18-42CF-99F5-D11037F977E8}
	EndGlobalSection
EndGlobal
